// !$*UTF8*$!
{
	archiveVersion = 1;
	classes = {
	};
	objectVersion = 56;
	objects = {

/* Begin PBXBuildFile section */
		E0075CDD2B7A770B00BE3894 /* AppDelegate.swift in Sources */ = {isa = PBXBuildFile; fileRef = E0075CDC2B7A770B00BE3894 /* AppDelegate.swift */; };
		E0075CDF2B7A770B00BE3894 /* SceneDelegate.swift in Sources */ = {isa = PBXBuildFile; fileRef = E0075CDE2B7A770B00BE3894 /* SceneDelegate.swift */; };
		E0075CE12B7A770B00BE3894 /* ViewController.swift in Sources */ = {isa = PBXBuildFile; fileRef = E0075CE02B7A770B00BE3894 /* ViewController.swift */; };
		E0075CE42B7A770B00BE3894 /* Main.storyboard in Resources */ = {isa = PBXBuildFile; fileRef = E0075CE22B7A770B00BE3894 /* Main.storyboard */; };
		E0075CE62B7A770D00BE3894 /* Assets.xcassets in Resources */ = {isa = PBXBuildFile; fileRef = E0075CE52B7A770D00BE3894 /* Assets.xcassets */; };
		E0075CE92B7A770D00BE3894 /* LaunchScreen.storyboard in Resources */ = {isa = PBXBuildFile; fileRef = E0075CE72B7A770D00BE3894 /* LaunchScreen.storyboard */; };
		E0075CF42B7A770D00BE3894 /* UnitTestMateTests.swift in Sources */ = {isa = PBXBuildFile; fileRef = E0075CF32B7A770D00BE3894 /* UnitTestMateTests.swift */; };
		E0075CFE2B7A770D00BE3894 /* UnitTestMateUITests.swift in Sources */ = {isa = PBXBuildFile; fileRef = E0075CFD2B7A770D00BE3894 /* UnitTestMateUITests.swift */; };
		E0075D002B7A770D00BE3894 /* UnitTestMateUITestsLaunchTests.swift in Sources */ = {isa = PBXBuildFile; fileRef = E0075CFF2B7A770D00BE3894 /* UnitTestMateUITestsLaunchTests.swift */; };
/* End PBXBuildFile section */

/* Begin PBXContainerItemProxy section */
		E0075CF02B7A770D00BE3894 /* PBXContainerItemProxy */ = {
			isa = PBXContainerItemProxy;
			containerPortal = E0075CD12B7A770B00BE3894 /* Project object */;
			proxyType = 1;
			remoteGlobalIDString = E0075CD82B7A770B00BE3894;
			remoteInfo = UnitTestMate;
		};
		E0075CFA2B7A770D00BE3894 /* PBXContainerItemProxy */ = {
			isa = PBXContainerItemProxy;
			containerPortal = E0075CD12B7A770B00BE3894 /* Project object */;
			proxyType = 1;
			remoteGlobalIDString = E0075CD82B7A770B00BE3894;
			remoteInfo = UnitTestMate;
		};
/* End PBXContainerItemProxy section */

/* Begin PBXFileReference section */
		E0075CD92B7A770B00BE3894 /* UnitTestMate.app */ = {isa = PBXFileReference; explicitFileType = wrapper.application; includeInIndex = 0; path = UnitTestMate.app; sourceTree = BUILT_PRODUCTS_DIR; };
		E0075CDC2B7A770B00BE3894 /* AppDelegate.swift */ = {isa = PBXFileReference; lastKnownFileType = sourcecode.swift; path = AppDelegate.swift; sourceTree = "<group>"; };
		E0075CDE2B7A770B00BE3894 /* SceneDelegate.swift */ = {isa = PBXFileReference; lastKnownFileType = sourcecode.swift; path = SceneDelegate.swift; sourceTree = "<group>"; };
		E0075CE02B7A770B00BE3894 /* ViewController.swift */ = {isa = PBXFileReference; lastKnownFileType = sourcecode.swift; path = ViewController.swift; sourceTree = "<group>"; };
		E0075CE32B7A770B00BE3894 /* Base */ = {isa = PBXFileReference; lastKnownFileType = file.storyboard; name = Base; path = Base.lproj/Main.storyboard; sourceTree = "<group>"; };
		E0075CE52B7A770D00BE3894 /* Assets.xcassets */ = {isa = PBXFileReference; lastKnownFileType = folder.assetcatalog; path = Assets.xcassets; sourceTree = "<group>"; };
		E0075CE82B7A770D00BE3894 /* Base */ = {isa = PBXFileReference; lastKnownFileType = file.storyboard; name = Base; path = Base.lproj/LaunchScreen.storyboard; sourceTree = "<group>"; };
		E0075CEA2B7A770D00BE3894 /* Info.plist */ = {isa = PBXFileReference; lastKnownFileType = text.plist.xml; path = Info.plist; sourceTree = "<group>"; };
		E0075CEF2B7A770D00BE3894 /* UnitTestMateTests.xctest */ = {isa = PBXFileReference; explicitFileType = wrapper.cfbundle; includeInIndex = 0; path = UnitTestMateTests.xctest; sourceTree = BUILT_PRODUCTS_DIR; };
		E0075CF32B7A770D00BE3894 /* UnitTestMateTests.swift */ = {isa = PBXFileReference; lastKnownFileType = sourcecode.swift; path = UnitTestMateTests.swift; sourceTree = "<group>"; };
		E0075CF92B7A770D00BE3894 /* UnitTestMateUITests.xctest */ = {isa = PBXFileReference; explicitFileType = wrapper.cfbundle; includeInIndex = 0; path = UnitTestMateUITests.xctest; sourceTree = BUILT_PRODUCTS_DIR; };
		E0075CFD2B7A770D00BE3894 /* UnitTestMateUITests.swift */ = {isa = PBXFileReference; lastKnownFileType = sourcecode.swift; path = UnitTestMateUITests.swift; sourceTree = "<group>"; };
		E0075CFF2B7A770D00BE3894 /* UnitTestMateUITestsLaunchTests.swift */ = {isa = PBXFileReference; lastKnownFileType = sourcecode.swift; path = UnitTestMateUITestsLaunchTests.swift; sourceTree = "<group>"; };
/* End PBXFileReference section */

/* Begin PBXFrameworksBuildPhase section */
		E0075CD62B7A770B00BE3894 /* Frameworks */ = {
			isa = PBXFrameworksBuildPhase;
			buildActionMask = 2147483647;
			files = (
			);
			runOnlyForDeploymentPostprocessing = 0;
		};
		E0075CEC2B7A770D00BE3894 /* Frameworks */ = {
			isa = PBXFrameworksBuildPhase;
			buildActionMask = 2147483647;
			files = (
			);
			runOnlyForDeploymentPostprocessing = 0;
		};
		E0075CF62B7A770D00BE3894 /* Frameworks */ = {
			isa = PBXFrameworksBuildPhase;
			buildActionMask = 2147483647;
			files = (
			);
			runOnlyForDeploymentPostprocessing = 0;
		};
/* End PBXFrameworksBuildPhase section */

/* Begin PBXGroup section */
		E0075CD02B7A770B00BE3894 = {
			isa = PBXGroup;
			children = (
				E0075CDB2B7A770B00BE3894 /* UnitTestMate */,
				E0075CF22B7A770D00BE3894 /* UnitTestMateTests */,
				E0075CFC2B7A770D00BE3894 /* UnitTestMateUITests */,
				E0075CDA2B7A770B00BE3894 /* Products */,
			);
			sourceTree = "<group>";
		};
		E0075CDA2B7A770B00BE3894 /* Products */ = {
			isa = PBXGroup;
			children = (
				E0075CD92B7A770B00BE3894 /* UnitTestMate.app */,
				E0075CEF2B7A770D00BE3894 /* UnitTestMateTests.xctest */,
				E0075CF92B7A770D00BE3894 /* UnitTestMateUITests.xctest */,
			);
			name = Products;
			sourceTree = "<group>";
		};
		E0075CDB2B7A770B00BE3894 /* UnitTestMate */ = {
			isa = PBXGroup;
			children = (
				E0075CDC2B7A770B00BE3894 /* AppDelegate.swift */,
				E0075CDE2B7A770B00BE3894 /* SceneDelegate.swift */,
				E0075CE02B7A770B00BE3894 /* ViewController.swift */,
				E0075CE22B7A770B00BE3894 /* Main.storyboard */,
				E0075CE52B7A770D00BE3894 /* Assets.xcassets */,
				E0075CE72B7A770D00BE3894 /* LaunchScreen.storyboard */,
				E0075CEA2B7A770D00BE3894 /* Info.plist */,
			);
			path = UnitTestMate;
			sourceTree = "<group>";
		};
		E0075CF22B7A770D00BE3894 /* UnitTestMateTests */ = {
			isa = PBXGroup;
			children = (
				E0075CF32B7A770D00BE3894 /* UnitTestMateTests.swift */,
			);
			path = UnitTestMateTests;
			sourceTree = "<group>";
		};
		E0075CFC2B7A770D00BE3894 /* UnitTestMateUITests */ = {
			isa = PBXGroup;
			children = (
				E0075CFD2B7A770D00BE3894 /* UnitTestMateUITests.swift */,
				E0075CFF2B7A770D00BE3894 /* UnitTestMateUITestsLaunchTests.swift */,
			);
			path = UnitTestMateUITests;
			sourceTree = "<group>";
		};
/* End PBXGroup section */

/* Begin PBXNativeTarget section */
		E0075CD82B7A770B00BE3894 /* UnitTestMate */ = {
			isa = PBXNativeTarget;
			buildConfigurationList = E0075D032B7A770D00BE3894 /* Build configuration list for PBXNativeTarget "UnitTestMate" */;
			buildPhases = (
				E0075CD52B7A770B00BE3894 /* Sources */,
				E0075CD62B7A770B00BE3894 /* Frameworks */,
				E0075CD72B7A770B00BE3894 /* Resources */,
			);
			buildRules = (
			);
			dependencies = (
			);
			name = UnitTestMate;
			productName = UnitTestMate;
			productReference = E0075CD92B7A770B00BE3894 /* UnitTestMate.app */;
			productType = "com.apple.product-type.application";
		};
		E0075CEE2B7A770D00BE3894 /* UnitTestMateTests */ = {
			isa = PBXNativeTarget;
			buildConfigurationList = E0075D062B7A770D00BE3894 /* Build configuration list for PBXNativeTarget "UnitTestMateTests" */;
			buildPhases = (
				E0075CEB2B7A770D00BE3894 /* Sources */,
				E0075CEC2B7A770D00BE3894 /* Frameworks */,
				E0075CED2B7A770D00BE3894 /* Resources */,
			);
			buildRules = (
			);
			dependencies = (
				E0075CF12B7A770D00BE3894 /* PBXTargetDependency */,
			);
			name = UnitTestMateTests;
			productName = UnitTestMateTests;
			productReference = E0075CEF2B7A770D00BE3894 /* UnitTestMateTests.xctest */;
			productType = "com.apple.product-type.bundle.unit-test";
		};
		E0075CF82B7A770D00BE3894 /* UnitTestMateUITests */ = {
			isa = PBXNativeTarget;
			buildConfigurationList = E0075D092B7A770D00BE3894 /* Build configuration list for PBXNativeTarget "UnitTestMateUITests" */;
			buildPhases = (
				E0075CF52B7A770D00BE3894 /* Sources */,
				E0075CF62B7A770D00BE3894 /* Frameworks */,
				E0075CF72B7A770D00BE3894 /* Resources */,
			);
			buildRules = (
			);
			dependencies = (
				E0075CFB2B7A770D00BE3894 /* PBXTargetDependency */,
			);
			name = UnitTestMateUITests;
			productName = UnitTestMateUITests;
			productReference = E0075CF92B7A770D00BE3894 /* UnitTestMateUITests.xctest */;
			productType = "com.apple.product-type.bundle.ui-testing";
		};
/* End PBXNativeTarget section */

/* Begin PBXProject section */
		E0075CD12B7A770B00BE3894 /* Project object */ = {
			isa = PBXProject;
			attributes = {
				BuildIndependentTargetsInParallel = 1;
				LastSwiftUpdateCheck = 1520;
				LastUpgradeCheck = 1520;
				TargetAttributes = {
					E0075CD82B7A770B00BE3894 = {
						CreatedOnToolsVersion = 15.2;
					};
					E0075CEE2B7A770D00BE3894 = {
						CreatedOnToolsVersion = 15.2;
						TestTargetID = E0075CD82B7A770B00BE3894;
					};
					E0075CF82B7A770D00BE3894 = {
						CreatedOnToolsVersion = 15.2;
						TestTargetID = E0075CD82B7A770B00BE3894;
					};
				};
			};
			buildConfigurationList = E0075CD42B7A770B00BE3894 /* Build configuration list for PBXProject "UnitTestMate" */;
			compatibilityVersion = "Xcode 14.0";
			developmentRegion = en;
			hasScannedForEncodings = 0;
			knownRegions = (
				en,
				Base,
			);
			mainGroup = E0075CD02B7A770B00BE3894;
			productRefGroup = E0075CDA2B7A770B00BE3894 /* Products */;
			projectDirPath = "";
			projectRoot = "";
			targets = (
				E0075CD82B7A770B00BE3894 /* UnitTestMate */,
				E0075CEE2B7A770D00BE3894 /* UnitTestMateTests */,
				E0075CF82B7A770D00BE3894 /* UnitTestMateUITests */,
			);
		};
/* End PBXProject section */

/* Begin PBXResourcesBuildPhase section */
		E0075CD72B7A770B00BE3894 /* Resources */ = {
			isa = PBXResourcesBuildPhase;
			buildActionMask = 2147483647;
			files = (
				E0075CE92B7A770D00BE3894 /* LaunchScreen.storyboard in Resources */,
				E0075CE62B7A770D00BE3894 /* Assets.xcassets in Resources */,
				E0075CE42B7A770B00BE3894 /* Main.storyboard in Resources */,
			);
			runOnlyForDeploymentPostprocessing = 0;
		};
		E0075CED2B7A770D00BE3894 /* Resources */ = {
			isa = PBXResourcesBuildPhase;
			buildActionMask = 2147483647;
			files = (
			);
			runOnlyForDeploymentPostprocessing = 0;
		};
		E0075CF72B7A770D00BE3894 /* Resources */ = {
			isa = PBXResourcesBuildPhase;
			buildActionMask = 2147483647;
			files = (
			);
			runOnlyForDeploymentPostprocessing = 0;
		};
/* End PBXResourcesBuildPhase section */

/* Begin PBXSourcesBuildPhase section */
		E0075CD52B7A770B00BE3894 /* Sources */ = {
			isa = PBXSourcesBuildPhase;
			buildActionMask = 2147483647;
			files = (
				E0075CE12B7A770B00BE3894 /* ViewController.swift in Sources */,
				E0075CDD2B7A770B00BE3894 /* AppDelegate.swift in Sources */,
				E0075CDF2B7A770B00BE3894 /* SceneDelegate.swift in Sources */,
			);
			runOnlyForDeploymentPostprocessing = 0;
		};
		E0075CEB2B7A770D00BE3894 /* Sources */ = {
			isa = PBXSourcesBuildPhase;
			buildActionMask = 2147483647;
			files = (
				E0075CF42B7A770D00BE3894 /* UnitTestMateTests.swift in Sources */,
			);
			runOnlyForDeploymentPostprocessing = 0;
		};
		E0075CF52B7A770D00BE3894 /* Sources */ = {
			isa = PBXSourcesBuildPhase;
			buildActionMask = 2147483647;
			files = (
				E0075CFE2B7A770D00BE3894 /* UnitTestMateUITests.swift in Sources */,
				E0075D002B7A770D00BE3894 /* UnitTestMateUITestsLaunchTests.swift in Sources */,
			);
			runOnlyForDeploymentPostprocessing = 0;
		};
/* End PBXSourcesBuildPhase section */

/* Begin PBXTargetDependency section */
		E0075CF12B7A770D00BE3894 /* PBXTargetDependency */ = {
			isa = PBXTargetDependency;
			target = E0075CD82B7A770B00BE3894 /* UnitTestMate */;
			targetProxy = E0075CF02B7A770D00BE3894 /* PBXContainerItemProxy */;
		};
		E0075CFB2B7A770D00BE3894 /* PBXTargetDependency */ = {
			isa = PBXTargetDependency;
			target = E0075CD82B7A770B00BE3894 /* UnitTestMate */;
			targetProxy = E0075CFA2B7A770D00BE3894 /* PBXContainerItemProxy */;
		};
/* End PBXTargetDependency section */

/* Begin PBXVariantGroup section */
		E0075CE22B7A770B00BE3894 /* Main.storyboard */ = {
			isa = PBXVariantGroup;
			children = (
				E0075CE32B7A770B00BE3894 /* Base */,
			);
			name = Main.storyboard;
			sourceTree = "<group>";
		};
		E0075CE72B7A770D00BE3894 /* LaunchScreen.storyboard */ = {
			isa = PBXVariantGroup;
			children = (
				E0075CE82B7A770D00BE3894 /* Base */,
			);
			name = LaunchScreen.storyboard;
			sourceTree = "<group>";
		};
/* End PBXVariantGroup section */

/* Begin XCBuildConfiguration section */
		E0075D012B7A770D00BE3894 /* Debug */ = {
			isa = XCBuildConfiguration;
			buildSettings = {
				ALWAYS_SEARCH_USER_PATHS = NO;
				ASSETCATALOG_COMPILER_GENERATE_SWIFT_ASSET_SYMBOL_EXTENSIONS = YES;
				CLANG_ANALYZER_NONNULL = YES;
				CLANG_ANALYZER_NUMBER_OBJECT_CONVERSION = YES_AGGRESSIVE;
				CLANG_CXX_LANGUAGE_STANDARD = "gnu++20";
				CLANG_ENABLE_MODULES = YES;
				CLANG_ENABLE_OBJC_ARC = YES;
				CLANG_ENABLE_OBJC_WEAK = YES;
				CLANG_WARN_BLOCK_CAPTURE_AUTORELEASING = YES;
				CLANG_WARN_BOOL_CONVERSION = YES;
				CLANG_WARN_COMMA = YES;
				CLANG_WARN_CONSTANT_CONVERSION = YES;
				CLANG_WARN_DEPRECATED_OBJC_IMPLEMENTATIONS = YES;
				CLANG_WARN_DIRECT_OBJC_ISA_USAGE = YES_ERROR;
				CLANG_WARN_DOCUMENTATION_COMMENTS = YES;
				CLANG_WARN_EMPTY_BODY = YES;
				CLANG_WARN_ENUM_CONVERSION = YES;
				CLANG_WARN_INFINITE_RECURSION = YES;
				CLANG_WARN_INT_CONVERSION = YES;
				CLANG_WARN_NON_LITERAL_NULL_CONVERSION = YES;
				CLANG_WARN_OBJC_IMPLICIT_RETAIN_SELF = YES;
				CLANG_WARN_OBJC_LITERAL_CONVERSION = YES;
				CLANG_WARN_OBJC_ROOT_CLASS = YES_ERROR;
				CLANG_WARN_QUOTED_INCLUDE_IN_FRAMEWORK_HEADER = YES;
				CLANG_WARN_RANGE_LOOP_ANALYSIS = YES;
				CLANG_WARN_STRICT_PROTOTYPES = YES;
				CLANG_WARN_SUSPICIOUS_MOVE = YES;
				CLANG_WARN_UNGUARDED_AVAILABILITY = YES_AGGRESSIVE;
				CLANG_WARN_UNREACHABLE_CODE = YES;
				CLANG_WARN__DUPLICATE_METHOD_MATCH = YES;
				COPY_PHASE_STRIP = NO;
				DEBUG_INFORMATION_FORMAT = dwarf;
				ENABLE_STRICT_OBJC_MSGSEND = YES;
				ENABLE_TESTABILITY = YES;
				ENABLE_USER_SCRIPT_SANDBOXING = YES;
				GCC_C_LANGUAGE_STANDARD = gnu17;
				GCC_DYNAMIC_NO_PIC = NO;
				GCC_NO_COMMON_BLOCKS = YES;
				GCC_OPTIMIZATION_LEVEL = 0;
				GCC_PREPROCESSOR_DEFINITIONS = (
					"DEBUG=1",
					"$(inherited)",
				);
				GCC_WARN_64_TO_32_BIT_CONVERSION = YES;
				GCC_WARN_ABOUT_RETURN_TYPE = YES_ERROR;
				GCC_WARN_UNDECLARED_SELECTOR = YES;
				GCC_WARN_UNINITIALIZED_AUTOS = YES_AGGRESSIVE;
				GCC_WARN_UNUSED_FUNCTION = YES;
				GCC_WARN_UNUSED_VARIABLE = YES;
				IPHONEOS_DEPLOYMENT_TARGET = 17.2;
				LOCALIZATION_PREFERS_STRING_CATALOGS = YES;
				MTL_ENABLE_DEBUG_INFO = INCLUDE_SOURCE;
				MTL_FAST_MATH = YES;
				ONLY_ACTIVE_ARCH = YES;
				SDKROOT = iphoneos;
				SWIFT_ACTIVE_COMPILATION_CONDITIONS = "DEBUG $(inherited)";
				SWIFT_OPTIMIZATION_LEVEL = "-Onone";
			};
			name = Debug;
		};
		E0075D022B7A770D00BE3894 /* Release */ = {
			isa = XCBuildConfiguration;
			buildSettings = {
				ALWAYS_SEARCH_USER_PATHS = NO;
				ASSETCATALOG_COMPILER_GENERATE_SWIFT_ASSET_SYMBOL_EXTENSIONS = YES;
				CLANG_ANALYZER_NONNULL = YES;
				CLANG_ANALYZER_NUMBER_OBJECT_CONVERSION = YES_AGGRESSIVE;
				CLANG_CXX_LANGUAGE_STANDARD = "gnu++20";
				CLANG_ENABLE_MODULES = YES;
				CLANG_ENABLE_OBJC_ARC = YES;
				CLANG_ENABLE_OBJC_WEAK = YES;
				CLANG_WARN_BLOCK_CAPTURE_AUTORELEASING = YES;
				CLANG_WARN_BOOL_CONVERSION = YES;
				CLANG_WARN_COMMA = YES;
				CLANG_WARN_CONSTANT_CONVERSION = YES;
				CLANG_WARN_DEPRECATED_OBJC_IMPLEMENTATIONS = YES;
				CLANG_WARN_DIRECT_OBJC_ISA_USAGE = YES_ERROR;
				CLANG_WARN_DOCUMENTATION_COMMENTS = YES;
				CLANG_WARN_EMPTY_BODY = YES;
				CLANG_WARN_ENUM_CONVERSION = YES;
				CLANG_WARN_INFINITE_RECURSION = YES;
				CLANG_WARN_INT_CONVERSION = YES;
				CLANG_WARN_NON_LITERAL_NULL_CONVERSION = YES;
				CLANG_WARN_OBJC_IMPLICIT_RETAIN_SELF = YES;
				CLANG_WARN_OBJC_LITERAL_CONVERSION = YES;
				CLANG_WARN_OBJC_ROOT_CLASS = YES_ERROR;
				CLANG_WARN_QUOTED_INCLUDE_IN_FRAMEWORK_HEADER = YES;
				CLANG_WARN_RANGE_LOOP_ANALYSIS = YES;
				CLANG_WARN_STRICT_PROTOTYPES = YES;
				CLANG_WARN_SUSPICIOUS_MOVE = YES;
				CLANG_WARN_UNGUARDED_AVAILABILITY = YES_AGGRESSIVE;
				CLANG_WARN_UNREACHABLE_CODE = YES;
				CLANG_WARN__DUPLICATE_METHOD_MATCH = YES;
				COPY_PHASE_STRIP = NO;
				DEBUG_INFORMATION_FORMAT = "dwarf-with-dsym";
				ENABLE_NS_ASSERTIONS = NO;
				ENABLE_STRICT_OBJC_MSGSEND = YES;
				ENABLE_USER_SCRIPT_SANDBOXING = YES;
				GCC_C_LANGUAGE_STANDARD = gnu17;
				GCC_NO_COMMON_BLOCKS = YES;
				GCC_WARN_64_TO_32_BIT_CONVERSION = YES;
				GCC_WARN_ABOUT_RETURN_TYPE = YES_ERROR;
				GCC_WARN_UNDECLARED_SELECTOR = YES;
				GCC_WARN_UNINITIALIZED_AUTOS = YES_AGGRESSIVE;
				GCC_WARN_UNUSED_FUNCTION = YES;
				GCC_WARN_UNUSED_VARIABLE = YES;
				IPHONEOS_DEPLOYMENT_TARGET = 17.2;
				LOCALIZATION_PREFERS_STRING_CATALOGS = YES;
				MTL_ENABLE_DEBUG_INFO = NO;
				MTL_FAST_MATH = YES;
				SDKROOT = iphoneos;
				SWIFT_COMPILATION_MODE = wholemodule;
				VALIDATE_PRODUCT = YES;
			};
			name = Release;
		};
		E0075D042B7A770D00BE3894 /* Debug */ = {
			isa = XCBuildConfiguration;
			buildSettings = {
				ASSETCATALOG_COMPILER_APPICON_NAME = AppIcon;
				ASSETCATALOG_COMPILER_GLOBAL_ACCENT_COLOR_NAME = AccentColor;
				CODE_SIGN_STYLE = Automatic;
				CURRENT_PROJECT_VERSION = 1;
				DEVELOPMENT_TEAM = WXQ8GLHA2M;
				GENERATE_INFOPLIST_FILE = YES;
				INFOPLIST_FILE = UnitTestMate/Info.plist;
				INFOPLIST_KEY_UIApplicationSupportsIndirectInputEvents = YES;
				INFOPLIST_KEY_UILaunchStoryboardName = LaunchScreen;
				INFOPLIST_KEY_UIMainStoryboardFile = Main;
				INFOPLIST_KEY_UISupportedInterfaceOrientations_iPad = "UIInterfaceOrientationPortrait UIInterfaceOrientationPortraitUpsideDown UIInterfaceOrientationLandscapeLeft UIInterfaceOrientationLandscapeRight";
				INFOPLIST_KEY_UISupportedInterfaceOrientations_iPhone = "UIInterfaceOrientationPortrait UIInterfaceOrientationLandscapeLeft UIInterfaceOrientationLandscapeRight";
				LD_RUNPATH_SEARCH_PATHS = (
					"$(inherited)",
					"@executable_path/Frameworks",
				);
				MARKETING_VERSION = 1.0;
				PRODUCT_BUNDLE_IDENTIFIER = LeticiaSpeda.UnitTestMate;
				PRODUCT_NAME = "$(TARGET_NAME)";
				SWIFT_EMIT_LOC_STRINGS = YES;
				SWIFT_VERSION = 5.0;
				TARGETED_DEVICE_FAMILY = "1,2";
			};
			name = Debug;
		};
		E0075D052B7A770D00BE3894 /* Release */ = {
			isa = XCBuildConfiguration;
			buildSettings = {
				ASSETCATALOG_COMPILER_APPICON_NAME = AppIcon;
				ASSETCATALOG_COMPILER_GLOBAL_ACCENT_COLOR_NAME = AccentColor;
				CODE_SIGN_STYLE = Automatic;
				CURRENT_PROJECT_VERSION = 1;
				DEVELOPMENT_TEAM = WXQ8GLHA2M;
				GENERATE_INFOPLIST_FILE = YES;
				INFOPLIST_FILE = UnitTestMate/Info.plist;
				INFOPLIST_KEY_UIApplicationSupportsIndirectInputEvents = YES;
				INFOPLIST_KEY_UILaunchStoryboardName = LaunchScreen;
				INFOPLIST_KEY_UIMainStoryboardFile = Main;
				INFOPLIST_KEY_UISupportedInterfaceOrientations_iPad = "UIInterfaceOrientationPortrait UIInterfaceOrientationPortraitUpsideDown UIInterfaceOrientationLandscapeLeft UIInterfaceOrientationLandscapeRight";
				INFOPLIST_KEY_UISupportedInterfaceOrientations_iPhone = "UIInterfaceOrientationPortrait UIInterfaceOrientationLandscapeLeft UIInterfaceOrientationLandscapeRight";
				LD_RUNPATH_SEARCH_PATHS = (
					"$(inherited)",
					"@executable_path/Frameworks",
				);
				MARKETING_VERSION = 1.0;
				PRODUCT_BUNDLE_IDENTIFIER = LeticiaSpeda.UnitTestMate;
				PRODUCT_NAME = "$(TARGET_NAME)";
				SWIFT_EMIT_LOC_STRINGS = YES;
				SWIFT_VERSION = 5.0;
				TARGETED_DEVICE_FAMILY = "1,2";
			};
			name = Release;
		};
		E0075D072B7A770D00BE3894 /* Debug */ = {
			isa = XCBuildConfiguration;
			buildSettings = {
				ALWAYS_EMBED_SWIFT_STANDARD_LIBRARIES = YES;
				BUNDLE_LOADER = "$(TEST_HOST)";
				CODE_SIGN_STYLE = Automatic;
				CURRENT_PROJECT_VERSION = 1;
				DEVELOPMENT_TEAM = WXQ8GLHA2M;
				GENERATE_INFOPLIST_FILE = YES;
				IPHONEOS_DEPLOYMENT_TARGET = 17.2;
				MARKETING_VERSION = 1.0;
				PRODUCT_BUNDLE_IDENTIFIER = LeticiaSpeda.UnitTestMateTests;
				PRODUCT_NAME = "$(TARGET_NAME)";
				SWIFT_EMIT_LOC_STRINGS = NO;
				SWIFT_VERSION = 5.0;
				TARGETED_DEVICE_FAMILY = "1,2";
				TEST_HOST = "$(BUILT_PRODUCTS_DIR)/UnitTestMate.app/$(BUNDLE_EXECUTABLE_FOLDER_PATH)/UnitTestMate";
			};
			name = Debug;
		};
		E0075D082B7A770D00BE3894 /* Release */ = {
			isa = XCBuildConfiguration;
			buildSettings = {
				ALWAYS_EMBED_SWIFT_STANDARD_LIBRARIES = YES;
				BUNDLE_LOADER = "$(TEST_HOST)";
				CODE_SIGN_STYLE = Automatic;
				CURRENT_PROJECT_VERSION = 1;
				DEVELOPMENT_TEAM = WXQ8GLHA2M;
				GENERATE_INFOPLIST_FILE = YES;
				IPHONEOS_DEPLOYMENT_TARGET = 17.2;
				MARKETING_VERSION = 1.0;
				PRODUCT_BUNDLE_IDENTIFIER = LeticiaSpeda.UnitTestMateTests;
				PRODUCT_NAME = "$(TARGET_NAME)";
				SWIFT_EMIT_LOC_STRINGS = NO;
				SWIFT_VERSION = 5.0;
				TARGETED_DEVICE_FAMILY = "1,2";
				TEST_HOST = "$(BUILT_PRODUCTS_DIR)/UnitTestMate.app/$(BUNDLE_EXECUTABLE_FOLDER_PATH)/UnitTestMate";
			};
			name = Release;
		};
		E0075D0A2B7A770D00BE3894 /* Debug */ = {
			isa = XCBuildConfiguration;
			buildSettings = {
				ALWAYS_EMBED_SWIFT_STANDARD_LIBRARIES = YES;
				CODE_SIGN_STYLE = Automatic;
				CURRENT_PROJECT_VERSION = 1;
				DEVELOPMENT_TEAM = WXQ8GLHA2M;
				GENERATE_INFOPLIST_FILE = YES;
				MARKETING_VERSION = 1.0;
				PRODUCT_BUNDLE_IDENTIFIER = LeticiaSpeda.UnitTestMateUITests;
				PRODUCT_NAME = "$(TARGET_NAME)";
				SWIFT_EMIT_LOC_STRINGS = NO;
				SWIFT_VERSION = 5.0;
				TARGETED_DEVICE_FAMILY = "1,2";
				TEST_TARGET_NAME = UnitTestMate;
			};
			name = Debug;
		};
		E0075D0B2B7A770D00BE3894 /* Release */ = {
			isa = XCBuildConfiguration;
			buildSettings = {
				ALWAYS_EMBED_SWIFT_STANDARD_LIBRARIES = YES;
				CODE_SIGN_STYLE = Automatic;
				CURRENT_PROJECT_VERSION = 1;
				DEVELOPMENT_TEAM = WXQ8GLHA2M;
				GENERATE_INFOPLIST_FILE = YES;
				MARKETING_VERSION = 1.0;
				PRODUCT_BUNDLE_IDENTIFIER = LeticiaSpeda.UnitTestMateUITests;
				PRODUCT_NAME = "$(TARGET_NAME)";
				SWIFT_EMIT_LOC_STRINGS = NO;
				SWIFT_VERSION = 5.0;
				TARGETED_DEVICE_FAMILY = "1,2";
				TEST_TARGET_NAME = UnitTestMate;
			};
			name = Release;
		};
/* End XCBuildConfiguration section */

/* Begin XCConfigurationList section */
		E0075CD42B7A770B00BE3894 /* Build configuration list for PBXProject "UnitTestMate" */ = {
			isa = XCConfigurationList;
			buildConfigurations = (
				E0075D012B7A770D00BE3894 /* Debug */,
				E0075D022B7A770D00BE3894 /* Release */,
			);
			defaultConfigurationIsVisible = 0;
			defaultConfigurationName = Release;
		};
		E0075D032B7A770D00BE3894 /* Build configuration list for PBXNativeTarget "UnitTestMate" */ = {
			isa = XCConfigurationList;
			buildConfigurations = (
				E0075D042B7A770D00BE3894 /* Debug */,
				E0075D052B7A770D00BE3894 /* Release */,
			);
			defaultConfigurationIsVisible = 0;
			defaultConfigurationName = Release;
		};
		E0075D062B7A770D00BE3894 /* Build configuration list for PBXNativeTarget "UnitTestMateTests" */ = {
			isa = XCConfigurationList;
			buildConfigurations = (
				E0075D072B7A770D00BE3894 /* Debug */,
				E0075D082B7A770D00BE3894 /* Release */,
			);
			defaultConfigurationIsVisible = 0;
			defaultConfigurationName = Release;
		};
		E0075D092B7A770D00BE3894 /* Build configuration list for PBXNativeTarget "UnitTestMateUITests" */ = {
			isa = XCConfigurationList;
			buildConfigurations = (
				E0075D0A2B7A770D00BE3894 /* Debug */,
				E0075D0B2B7A770D00BE3894 /* Release */,
			);
			defaultConfigurationIsVisible = 0;
			defaultConfigurationName = Release;
		};
/* End XCConfigurationList section */
	};
	rootObject = E0075CD12B7A770B00BE3894 /* Project object */;
}
